Microsoft Visual Studio Solution File, Format Version 11.00
# Visual Studio 2008

Project("{BD5A30D8-6851-1C0E-FD46-83E4D6E73FD3}") = "forstaspelet", "Assembly-CSharp-firstpass.csproj", "{91FB1744-8E29-61B1-C517-9E541210598A}"
EndProject
Project("{BD5A30D8-6851-1C0E-FD46-83E4D6E73FD3}") = "forstaspelet", "Assembly-CSharp-Editor.csproj", "{00B37570-7C42-D2EA-8CCF-E9D8CC689C70}"
EndProject
Global
	GlobalSection(SolutionConfigurationPlatforms) = preSolution
		Debug|Any CPU = Debug|Any CPU
		Release|Any CPU = Release|Any CPU
	EndGlobalSection
	GlobalSection(ProjectConfigurationPlatforms) = postSolution
		{91FB1744-8E29-61B1-C517-9E541210598A}.Debug|Any CPU.ActiveCfg = Debug|Any CPU
		{91FB1744-8E29-61B1-C517-9E541210598A}.Debug|Any CPU.Build.0 = Debug|Any CPU
		{91FB1744-8E29-61B1-C517-9E541210598A}.Release|Any CPU.ActiveCfg = Release|Any CPU
		{91FB1744-8E29-61B1-C517-9E541210598A}.Release|Any CPU.Build.0 = Release|Any CPU
		{00B37570-7C42-D2EA-8CCF-E9D8CC689C70}.Debug|Any CPU.ActiveCfg = Debug|Any CPU
		{00B37570-7C42-D2EA-8CCF-E9D8CC689C70}.Debug|Any CPU.Build.0 = Debug|Any CPU
		{00B37570-7C42-D2EA-8CCF-E9D8CC689C70}.Release|Any CPU.ActiveCfg = Release|Any CPU
		{00B37570-7C42-D2EA-8CCF-E9D8CC689C70}.Release|Any CPU.Build.0 = Release|Any CPU
	EndGlobalSection
	GlobalSection(SolutionProperties) = preSolution
		HideSolutionNode = FALSE
	EndGlobalSection
	GlobalSection(MonoDevelopProperties) = preSolution
		StartupItem = Assembly-CSharp.csproj
	EndGlobalSection
EndGlobal
